
Microsoft Visual Studio Solution File, Format Version 12.00
# Visual Studio 14
VisualStudioVersion = 14.0.25420.1
MinimumVisualStudioVersion = 10.0.40219.1
Project("{FAE04EC0-301F-11D3-BF4B-00C04F79EFBC}") = "txtr.api", "txtr.api\txtr.api.csproj", "{C281F690-D303-4E31-AAD9-46F33C373D8C}"
EndProject
Project("{FAE04EC0-301F-11D3-BF4B-00C04F79EFBC}") = "txtr.test", "txtr.test\txtr.test.csproj", "{630DCCB5-3209-4650-915C-71872AC50036}"
EndProject
Project("{FAE04EC0-301F-11D3-BF4B-00C04F79EFBC}") = "txtr.core", "txtr.core\txtr.core.csproj", "{67344D6B-5E1B-4119-8064-BDF7DFEB075B}"
EndProject
Global
	GlobalSection(SolutionConfigurationPlatforms) = preSolution
		Debug|Any CPU = Debug|Any CPU
		Release|Any CPU = Release|Any CPU
	EndGlobalSection
	GlobalSection(ProjectConfigurationPlatforms) = postSolution
		{C281F690-D303-4E31-AAD9-46F33C373D8C}.Debug|Any CPU.ActiveCfg = Debug|Any CPU
		{C281F690-D303-4E31-AAD9-46F33C373D8C}.Debug|Any CPU.Build.0 = Debug|Any CPU
		{C281F690-D303-4E31-AAD9-46F33C373D8C}.Release|Any CPU.ActiveCfg = Release|Any CPU
		{C281F690-D303-4E31-AAD9-46F33C373D8C}.Release|Any CPU.Build.0 = Release|Any CPU
		{630DCCB5-3209-4650-915C-71872AC50036}.Debug|Any CPU.ActiveCfg = Debug|Any CPU
		{630DCCB5-3209-4650-915C-71872AC50036}.Debug|Any CPU.Build.0 = Debug|Any CPU
		{630DCCB5-3209-4650-915C-71872AC50036}.Release|Any CPU.ActiveCfg = Release|Any CPU
		{630DCCB5-3209-4650-915C-71872AC50036}.Release|Any CPU.Build.0 = Release|Any CPU
		{67344D6B-5E1B-4119-8064-BDF7DFEB075B}.Debug|Any CPU.ActiveCfg = Debug|Any CPU
		{67344D6B-5E1B-4119-8064-BDF7DFEB075B}.Debug|Any CPU.Build.0 = Debug|Any CPU
		{67344D6B-5E1B-4119-8064-BDF7DFEB075B}.Release|Any CPU.ActiveCfg = Release|Any CPU
		{67344D6B-5E1B-4119-8064-BDF7DFEB075B}.Release|Any CPU.Build.0 = Release|Any CPU
	EndGlobalSection
	GlobalSection(SolutionProperties) = preSolution
		HideSolutionNode = FALSE
	EndGlobalSection
EndGlobal
